Microsoft Visual Studio Solution File, Format Version 12.00
# Visual Studio Version 17
VisualStudioVersion = 17.5.2.0
MinimumVisualStudioVersion = 10.0.40219.1
Project("{FAE04EC0-301F-11D3-BF4B-00C04F79EFBC}") = "LVJ_AdminVersion", "LVJ_AdminVersion\LVJ_AdminVersion.csproj", "{616D8F2C-03EF-B949-42BD-8E185E59671B}"
EndProject
Global
	GlobalSection(SolutionConfigurationPlatforms) = preSolution
		Debug|Any CPU = Debug|Any CPU
		Release|Any CPU = Release|Any CPU
	EndGlobalSection
	GlobalSection(ProjectConfigurationPlatforms) = postSolution
		{616D8F2C-03EF-B949-42BD-8E185E59671B}.Debug|Any CPU.ActiveCfg = Debug|Any CPU
		{616D8F2C-03EF-B949-42BD-8E185E59671B}.Debug|Any CPU.Build.0 = Debug|Any CPU
		{616D8F2C-03EF-B949-42BD-8E185E59671B}.Release|Any CPU.ActiveCfg = Release|Any CPU
		{616D8F2C-03EF-B949-42BD-8E185E59671B}.Release|Any CPU.Build.0 = Release|Any CPU
	EndGlobalSection
	GlobalSection(SolutionProperties) = preSolution
		HideSolutionNode = FALSE
	EndGlobalSection
	GlobalSection(ExtensibilityGlobals) = postSolution
		SolutionGuid = {D3B2F0D5-49D2-44A6-BBB9-7C430AC3A0EB}
	EndGlobalSection
EndGlobal
